
Microsoft Visual Studio Solution File, Format Version 12.00
# Visual Studio Version 17
VisualStudioVersion = 17.8.34316.72
MinimumVisualStudioVersion = 10.0.40219.1
Project("{FAE04EC0-301F-11D3-BF4B-00C04F79EFBC}") = "DotnetSeleniumTest", "DotnetSeleniumTest\DotnetSeleniumTest.csproj", "{39B995C2-8057-4D17-9197-B855928C01D5}"
EndProject
Global
	GlobalSection(SolutionConfigurationPlatforms) = preSolution
		Debug|Any CPU = Debug|Any CPU
		Release|Any CPU = Release|Any CPU
	EndGlobalSection
	GlobalSection(ProjectConfigurationPlatforms) = postSolution
		{39B995C2-8057-4D17-9197-B855928C01D5}.Debug|Any CPU.ActiveCfg = Debug|Any CPU
		{39B995C2-8057-4D17-9197-B855928C01D5}.Debug|Any CPU.Build.0 = Debug|Any CPU
		{39B995C2-8057-4D17-9197-B855928C01D5}.Release|Any CPU.ActiveCfg = Release|Any CPU
		{39B995C2-8057-4D17-9197-B855928C01D5}.Release|Any CPU.Build.0 = Release|Any CPU
	EndGlobalSection
	GlobalSection(SolutionProperties) = preSolution
		HideSolutionNode = FALSE
	EndGlobalSection
	GlobalSection(ExtensibilityGlobals) = postSolution
		SolutionGuid = {98EB3F2B-44C5-4BF6-B947-DF99B9AE21F4}
	EndGlobalSection
EndGlobal
