
Microsoft Visual Studio Solution File, Format Version 12.00
# Visual Studio Version 17
VisualStudioVersion = 17.8.34316.72
MinimumVisualStudioVersion = 10.0.40219.1
Project("{FAE04EC0-301F-11D3-BF4B-00C04F79EFBC}") = "DotnetseleniumConsoleApp1", "DotnetseleniumConsoleApp1\DotnetseleniumConsoleApp1.csproj", "{94660776-8D09-47DF-8078-505ABBC4C0EB}"
EndProject
Global
	GlobalSection(SolutionConfigurationPlatforms) = preSolution
		Debug|Any CPU = Debug|Any CPU
		Release|Any CPU = Release|Any CPU
	EndGlobalSection
	GlobalSection(ProjectConfigurationPlatforms) = postSolution
		{94660776-8D09-47DF-8078-505ABBC4C0EB}.Debug|Any CPU.ActiveCfg = Debug|Any CPU
		{94660776-8D09-47DF-8078-505ABBC4C0EB}.Debug|Any CPU.Build.0 = Debug|Any CPU
		{94660776-8D09-47DF-8078-505ABBC4C0EB}.Release|Any CPU.ActiveCfg = Release|Any CPU
		{94660776-8D09-47DF-8078-505ABBC4C0EB}.Release|Any CPU.Build.0 = Release|Any CPU
	EndGlobalSection
	GlobalSection(SolutionProperties) = preSolution
		HideSolutionNode = FALSE
	EndGlobalSection
	GlobalSection(ExtensibilityGlobals) = postSolution
		SolutionGuid = {9AC1D7AC-32B9-4514-8BD5-1BE2193807B6}
	EndGlobalSection
EndGlobal
